github.com/google/go-cmp v0.7.0 h1:wk8382ETsv4JYUZwIsn6YpYiWiBsYLSJiTsyBybVuN8=
github.com/google/go-cmp v0.7.0/go.mod h1:pXiqmnSA92OHEEa9HXL2W4E7lf9JzCmGVUdgjX3N/iU=
golang.org/x/tools v0.33.0 h1:4qz2S3zmRxbGIhDIAgjxvFutSvH5EfnsYrRBj0UI0bc=
golang.org/x/tools v0.33.0/go.mod h1:CIJMaWEY88juyUfo7UbgPqbC8rU2OqfAV1h2Qp0oMYI=
mibk.dev/phpfmt v0.1.1 h1:a2G1AoJsLVO4w36KDlAqu1DtRX1xYoII89FzGriIZIU=
mibk.dev/phpfmt v0.1.1/go.mod h1:BMIcNPemNoYlpp4icbh3M1kI516KXxP0RKu5axHl8z0=
rsc.io/diff v0.0.0-20190621135850-fe3479844c3c h1:/WCDjRGIVDjKlhtSc1PEApp2fR58gfSVK62dr/yQNyQ=
rsc.io/diff v0.0.0-20190621135850-fe3479844c3c/go.mod h1:AB6TWADCiFzYx4nzfwjeNQBxOA+FM7yLQGFe0PKx38k=
